{
  "version": 4,
  "terraform_version": "1.14.0",
  "serial": 155,
  "lineage": "2d46b528-3b8f-a7b2-4027-4daeeb531aa7",
  "outputs": {
    "all_ips": {
      "value": [
        "10.0.10.67",
        "10.0.10.76",
        "10.0.10.122"
      ],
      "type": [
        "tuple",
        [
          "string",
          "string",
          "string"
        ]
      ]
    },
    "isolated_network_id": {
      "value": "440ed68b-cfbf-48f3-bb73-2665ee1dea39",
      "type": "string"
    },
    "master_node": {
      "value": {
        "ip": "10.0.10.67",
        "name": "master-32200060"
      },
      "type": [
        "object",
        {
          "ip": "string",
          "name": "string"
        }
      ]
    },
    "worker_nodes": {
      "value": {
        "ips": [
          "10.0.10.76",
          "10.0.10.122"
        ],
        "names": [
          "worker-32200060-0",
          "worker-32200060-1"
        ]
      },
      "type": [
        "object",
        {
          "ips": [
            "tuple",
            [
              "string",
              "string"
            ]
          ],
          "names": [
            "tuple",
            [
              "string",
              "string"
            ]
          ]
        }
      ]
    }
  },
  "resources": [
    {
      "mode": "data",
      "type": "cloudstack_service_offering",
      "name": "small",
      "provider": "provider[\"registry.terraform.io/cloudstack/cloudstack\"]",
      "instances": [
        {
          "schema_version": 0,
          "attributes": {
            "display_text": "Small",
            "filter": [
              {
                "name": "name",
                "value": "Small"
              }
            ],
            "id": "aef579fb-925b-4ef3-afa4-1aa72a3903ba",
            "name": "Small"
          },
          "sensitive_attributes": [],
          "identity_schema_version": 0
        }
      ]
    },
    {
      "mode": "data",
      "type": "cloudstack_template",
      "name": "ubuntu",
      "provider": "provider[\"registry.terraform.io/cloudstack/cloudstack\"]",
      "instances": [
        {
          "schema_version": 0,
          "attributes": {
            "account": "boan",
            "created": "2025-08-31T23:19:04+0900",
            "display_text": "Ubuntu_24.04_VSCode",
            "filter": [
              {
                "name": "name",
                "value": "Ubuntu_24.04_VSCode"
              }
            ],
            "format": "QCOW2",
            "hypervisor": "KVM",
            "id": "b335d8d4-02d1-4b30-9c9d-df0b05903055",
            "name": "Ubuntu_24.04_VSCode",
            "size": null,
            "tags": {},
            "template_filter": "featured",
            "template_id": "b335d8d4-02d1-4b30-9c9d-df0b05903055"
          },
          "sensitive_attributes": [],
          "identity_schema_version": 0
        }
      ]
    },
    {
      "mode": "data",
      "type": "cloudstack_zone",
      "name": "dku",
      "provider": "provider[\"registry.terraform.io/cloudstack/cloudstack\"]",
      "instances": [
        {
          "schema_version": 0,
          "attributes": {
            "dns1": "",
            "filter": [
              {
                "name": "name",
                "value": "DKU"
              }
            ],
            "id": "7b9de49f-6879-4b4e-8c0c-13f7ff0a86d4",
            "internal_dns1": "",
            "name": "DKU",
            "network_type": "Advanced"
          },
          "sensitive_attributes": [],
          "identity_schema_version": 0
        }
      ]
    },
    {
      "mode": "managed",
      "type": "cloudstack_network",
      "name": "isolated",
      "provider": "provider[\"registry.terraform.io/cloudstack/cloudstack\"]",
      "instances": [
        {
          "schema_version": 0,
          "attributes": {
            "acl_id": "none",
            "cidr": "192.168.0.0/24",
            "display_text": "Terraform Isolated Network",
            "endip": null,
            "gateway": "192.168.0.1",
            "id": "440ed68b-cfbf-48f3-bb73-2665ee1dea39",
            "name": "terraform-isolated-32200060",
            "network_domain": "csa1dku.kloud.internal",
            "network_offering": "DefaultIsolatedNetworkOfferingWithSourceNatService",
            "project": "",
            "source_nat_ip": null,
            "source_nat_ip_address": null,
            "source_nat_ip_id": null,
            "startip": null,
            "tags": {},
            "vlan": null,
            "vpc_id": "",
            "zone": "DKU"
          },
          "sensitive_attributes": [],
          "identity_schema_version": 0,
          "dependencies": [
            "data.cloudstack_zone.dku"
          ]
        }
      ]
    },
    {
      "mode": "managed",
      "type": "local_file",
      "name": "ansible_inventory",
      "provider": "provider[\"registry.terraform.io/hashicorp/local\"]",
      "instances": [
        {
          "schema_version": 0,
          "attributes": {
            "content": "[k8s_master]\nmaster-0 ansible_host=10.0.10.67\n\n[k8s_worker]\nworker-0 ansible_host=10.0.10.76\nworker-1 ansible_host=10.0.10.122\n\n[all:vars]\nansible_user=ubuntu\nansible_python_interpreter=/usr/bin/python3",
            "content_base64": null,
            "content_base64sha256": "KfBeEe577TVOZ2XzyRqvrdns/UVw8NIsiJAAxG0Vesk=",
            "content_base64sha512": "aH+hqeFohD3vTjLWh6zh6Lms8ErUOOJhgmNIu3BGYEVQjwZFkqDJm/6Jsobh9QqOEh78q9SFNzK3wCDH5cXKmw==",
            "content_md5": "c7403964c40cd52ac78241d261a3a6e9",
            "content_sha1": "132b7dde1f87c3d456376d6505020db2a112f7e7",
            "content_sha256": "29f05e11ee7bed354e6765f3c91aafadd9ecfd4570f0d22c889000c46d157ac9",
            "content_sha512": "687fa1a9e168843def4e32d687ace1e8b9acf04ad438e261826348bb70466045508f064592a0c99bfe89b286e1f50a8e121efcabd4853732b7c020c7e5c5ca9b",
            "directory_permission": "0777",
            "file_permission": "0777",
            "filename": "./terraform-generated/inventory",
            "id": "132b7dde1f87c3d456376d6505020db2a112f7e7",
            "sensitive_content": null,
            "source": null
          },
          "sensitive_attributes": [
            [
              {
                "type": "get_attr",
                "value": "sensitive_content"
              }
            ]
          ],
          "identity_schema_version": 0,
          "dependencies": [
            "data.cloudstack_service_offering.small",
            "data.cloudstack_template.ubuntu",
            "data.cloudstack_zone.dku",
            "module.master.cloudstack_instance.master",
            "module.worker.cloudstack_instance.worker"
          ]
        }
      ]
    },
    {
      "module": "module.master",
      "mode": "managed",
      "type": "cloudstack_instance",
      "name": "master",
      "provider": "module.master.provider[\"registry.terraform.io/cloudstack/cloudstack\"]",
      "instances": [
        {
          "schema_version": 0,
          "attributes": {
            "affinity_group_ids": null,
            "affinity_group_names": null,
            "cluster_id": null,
            "details": null,
            "display_name": "master-32200060",
            "expunge": true,
            "group": "",
            "host_id": null,
            "id": "790f4248-1fa6-4390-9e34-edc2a3d86b9c",
            "ip_address": "10.0.10.67",
            "keypair": null,
            "name": "master-32200060",
            "network_id": "492737b8-5bc2-4e28-a6a7-8e29fa491587",
            "nicnetworklist": null,
            "pod_id": null,
            "project": "",
            "properties": null,
            "root_disk_size": 20,
            "security_group_ids": null,
            "security_group_names": null,
            "service_offering": "aef579fb-925b-4ef3-afa4-1aa72a3903ba",
            "start_vm": true,
            "tags": {},
            "template": "b335d8d4-02d1-4b30-9c9d-df0b05903055",
            "uefi": false,
            "user_data": "0419a844d2bcd175a85ce9ca7da046763b980cba",
            "zone": "DKU"
          },
          "sensitive_attributes": [],
          "identity_schema_version": 0,
          "dependencies": [
            "data.cloudstack_service_offering.small",
            "data.cloudstack_template.ubuntu",
            "data.cloudstack_zone.dku"
          ]
        }
      ]
    },
    {
      "module": "module.worker",
      "mode": "managed",
      "type": "cloudstack_instance",
      "name": "worker",
      "provider": "module.worker.provider[\"registry.terraform.io/cloudstack/cloudstack\"]",
      "instances": [
        {
          "index_key": 0,
          "schema_version": 0,
          "attributes": {
            "affinity_group_ids": null,
            "affinity_group_names": null,
            "cluster_id": null,
            "details": null,
            "display_name": "worker-32200060-0",
            "expunge": true,
            "group": "",
            "host_id": null,
            "id": "03cbad6f-4108-47fb-8fa1-f2e785329a28",
            "ip_address": "10.0.10.76",
            "keypair": null,
            "name": "worker-32200060-0",
            "network_id": "492737b8-5bc2-4e28-a6a7-8e29fa491587",
            "nicnetworklist": null,
            "pod_id": null,
            "project": "",
            "properties": null,
            "root_disk_size": 20,
            "security_group_ids": null,
            "security_group_names": null,
            "service_offering": "aef579fb-925b-4ef3-afa4-1aa72a3903ba",
            "start_vm": true,
            "tags": {},
            "template": "b335d8d4-02d1-4b30-9c9d-df0b05903055",
            "uefi": false,
            "user_data": "432add4efcc5b925bfe4877ee7f36f04d0410f4d",
            "zone": "DKU"
          },
          "sensitive_attributes": [],
          "identity_schema_version": 0,
          "dependencies": [
            "data.cloudstack_service_offering.small",
            "data.cloudstack_template.ubuntu",
            "data.cloudstack_zone.dku"
          ]
        },
        {
          "index_key": 1,
          "schema_version": 0,
          "attributes": {
            "affinity_group_ids": null,
            "affinity_group_names": null,
            "cluster_id": null,
            "details": null,
            "display_name": "worker-32200060-1",
            "expunge": true,
            "group": "",
            "host_id": null,
            "id": "6aa25422-2bcc-4506-b6e8-9f483cfca7ed",
            "ip_address": "10.0.10.122",
            "keypair": null,
            "name": "worker-32200060-1",
            "network_id": "492737b8-5bc2-4e28-a6a7-8e29fa491587",
            "nicnetworklist": null,
            "pod_id": null,
            "project": "",
            "properties": null,
            "root_disk_size": 20,
            "security_group_ids": null,
            "security_group_names": null,
            "service_offering": "aef579fb-925b-4ef3-afa4-1aa72a3903ba",
            "start_vm": true,
            "tags": {},
            "template": "b335d8d4-02d1-4b30-9c9d-df0b05903055",
            "uefi": false,
            "user_data": "e3b63f1d82e95941baaa2fc45fce384613fb6c09",
            "zone": "DKU"
          },
          "sensitive_attributes": [],
          "identity_schema_version": 0,
          "dependencies": [
            "data.cloudstack_service_offering.small",
            "data.cloudstack_template.ubuntu",
            "data.cloudstack_zone.dku"
          ]
        }
      ]
    }
  ],
  "check_results": null
}
